
Microsoft Visual Studio Solution File, Format Version 12.00
# Visual Studio Version 16
VisualStudioVersion = 16.0.31025.194
MinimumVisualStudioVersion = 10.0.40219.1
Project("{FAE04EC0-301F-11D3-BF4B-00C04F79EFBC}") = "JWT_Example", "JWT_Example\JWT_Example.csproj", "{10486C6D-FC8E-4E5C-977F-51DC1106E2D6}"
EndProject
Global
	GlobalSection(SolutionConfigurationPlatforms) = preSolution
		Debug|Any CPU = Debug|Any CPU
		Release|Any CPU = Release|Any CPU
	EndGlobalSection
	GlobalSection(ProjectConfigurationPlatforms) = postSolution
		{10486C6D-FC8E-4E5C-977F-51DC1106E2D6}.Debug|Any CPU.ActiveCfg = Debug|Any CPU
		{10486C6D-FC8E-4E5C-977F-51DC1106E2D6}.Debug|Any CPU.Build.0 = Debug|Any CPU
		{10486C6D-FC8E-4E5C-977F-51DC1106E2D6}.Release|Any CPU.ActiveCfg = Release|Any CPU
		{10486C6D-FC8E-4E5C-977F-51DC1106E2D6}.Release|Any CPU.Build.0 = Release|Any CPU
	EndGlobalSection
	GlobalSection(SolutionProperties) = preSolution
		HideSolutionNode = FALSE
	EndGlobalSection
	GlobalSection(ExtensibilityGlobals) = postSolution
		SolutionGuid = {1705FA91-6107-4C6D-A106-CD4714C7BD0D}
	EndGlobalSection
EndGlobal
